# THIS IS AN AUTOGENERATED FILE. DO NOT EDIT THIS FILE DIRECTLY.
# yarn lockfile v1


"@js-joda/core@3.2.0":
  version "3.2.0"
  resolved "https://registry.yarnpkg.com/@js-joda/core/-/core-3.2.0.tgz#3e61e21b7b2b8a6be746df1335cf91d70db2a273"
  integrity sha512-PMqgJ0sw5B7FKb2d5bWYIoxjri+QlW/Pys7+Rw82jSH0QN3rB05jZ/VrrsUdh1w4+i2kw9JOejXGq/KhDOX7Kg==

"@napi-rs/canvas-android-arm64@0.1.100":
  version "0.1.100"
  resolved "https://registry.yarnpkg.com/@napi-rs/canvas-android-arm64/-/canvas-android-arm64-0.1.100.tgz#b7c68b91d57702a5fc523fa82de72ea741e6766e"
  integrity sha512-hjhCKhntPv9+t4ckHymdx0phYNcVW+GKQR6Lzw2zE+pOVjOplSmtx9nNNknTjbEDLcuLZqA1y8ufKg1XfgftzQ==

"@napi-rs/canvas-darwin-arm64@0.1.100":
  version "0.1.100"
  resolved "https://registry.yarnpkg.com/@napi-rs/canvas-darwin-arm64/-/canvas-darwin-arm64-0.1.100.tgz#d1686fa6ca699b07640efa5f45425db0a4e725e2"
  integrity sha512-2PcswRaC7Ly645DGt88///zuFDhJxJYdKAs1uU3mfk1atYkXufgcgLfBpk6Tm12nCQBaNt1wpybuPZ4qOhTo8A==

"@napi-rs/canvas-darwin-x64@0.1.100":
  version "0.1.100"
  resolved "https://registry.yarnpkg.com/@napi-rs/canvas-darwin-x64/-/canvas-darwin-x64-0.1.100.tgz#92978fd7eca21f7f1b59bd13ba3ce7c0e7c879a1"
  integrity sha512-ePNZtj7pNIva/siZMg+HmbeozkIjqUIYdoymH8HaA3qK7LfzFN4WMBM8G6HQ9ZC+H3+Dnn5pqtiXpgLykaPOhw==

"@napi-rs/canvas-linux-arm-gnueabihf@0.1.100":
  version "0.1.100"
  resolved "https://registry.yarnpkg.com/@napi-rs/canvas-linux-arm-gnueabihf/-/canvas-linux-arm-gnueabihf-0.1.100.tgz#95f9892e1d5a8274871d8ee406374e9ef692bd9f"
  integrity sha512-d5cDB48oWFGU8/XPhUOFAlySgb/VAu7D+s8fi55K1Pcfg8aPplHWqMgibhVLU8ky7Pyg/fuiVLz4Nf3JrSTuUA==

"@napi-rs/canvas-linux-arm64-gnu@0.1.100":
  version "0.1.100"
  resolved "https://registry.yarnpkg.com/@napi-rs/canvas-linux-arm64-gnu/-/canvas-linux-arm64-gnu-0.1.100.tgz#6b2b7c4bb016b8f5308115ac9ae909df4967a94b"
  integrity sha512-rDxgxRu69RvDlX/bh9o22DxLsGr8EqsNgotL9+RwQE1S0b0cqeatqsw6aW45mukm0B42DIAaAacKaYQ8cqS1nw==

"@napi-rs/canvas-linux-arm64-musl@0.1.100":
  version "0.1.100"
  resolved "https://registry.yarnpkg.com/@napi-rs/canvas-linux-arm64-musl/-/canvas-linux-arm64-musl-0.1.100.tgz#48cf6342543e4f87cf1f8e9b1aaa19ad85bcc178"
  integrity sha512-K3mDW66N+xT2/V439u1alFANiBUjdEx2gLiNYnCmUsva5jZMxWTjafBYwTzYK+EMFMHrUoabuU+T1BIP5CgbYQ==

"@napi-rs/canvas-linux-riscv64-gnu@0.1.100":
  version "0.1.100"
  resolved "https://registry.yarnpkg.com/@napi-rs/canvas-linux-riscv64-gnu/-/canvas-linux-riscv64-gnu-0.1.100.tgz#71b011007b03755c834a961735302c5837b041da"
  integrity sha512-mooqUBTIsccZpnoQC4NgrC1v6C1vof39etLNMnBwCY+p0gajWJvAHLGQ6g/gGyS5YrpDW+GefSN4+Cvcr08UWw==

"@napi-rs/canvas-linux-x64-gnu@0.1.100":
  version "0.1.100"
  resolved "https://registry.yarnpkg.com/@napi-rs/canvas-linux-x64-gnu/-/canvas-linux-x64-gnu-0.1.100.tgz#3f479d3b8b8c4658e5dec1b943ad7d2eefd2811f"
  integrity sha512-1eCvkDCazm7FFhsT7DfGOdSaHgZVK3bt/dSBl5EWHOWmnz+I7j8tPseJqqD81NF+MH21jKUK4wQSDjN0mdhnTg==

"@napi-rs/canvas-linux-x64-musl@0.1.100":
  version "0.1.100"
  resolved "https://registry.yarnpkg.com/@napi-rs/canvas-linux-x64-musl/-/canvas-linux-x64-musl-0.1.100.tgz#1beaca22c1fe97709a9c287115cb3c90194ddec6"
  integrity sha512-20arT6lnI19S68qNlii73TSEDbECNgzMz2EpldC1V3mZFuRkeujXkcebRk0LRJe9SEUAooYiLokfMViY8IX7yA==

"@napi-rs/canvas-win32-arm64-msvc@0.1.100":
  version "0.1.100"
  resolved "https://registry.yarnpkg.com/@napi-rs/canvas-win32-arm64-msvc/-/canvas-win32-arm64-msvc-0.1.100.tgz#8a1728b455dd17965f95c0bfdf6753be8c5851c0"
  integrity sha512-DZFFT1wIAg37LJw37yhMRFfjATd3vTQzjZ1Yki8u2vhO6Hi5VE6BVaGQ1aaDu7xb4iMErz+9EOwjpS7xcxFeBw==

"@napi-rs/canvas-win32-x64-msvc@0.1.100":
  version "0.1.100"
  resolved "https://registry.yarnpkg.com/@napi-rs/canvas-win32-x64-msvc/-/canvas-win32-x64-msvc-0.1.100.tgz#1e52883f8784ffdbe52dc2d47b05a0886aa6e9cf"
  integrity sha512-MyT1j3mHC2+Lu4pBi9mKyMJhtP6U7k7EldY7sj/uS5gJA65gTXt8MefJQXLJo5d/vZbuWmfxzkEUNc/urV3pHA==

"@napi-rs/canvas@^0.1.77":
  version "0.1.100"
  resolved "https://registry.yarnpkg.com/@napi-rs/canvas/-/canvas-0.1.100.tgz#2c89a15c28a62e1372be23fd474762ae1a8b16b7"
  integrity sha512-xglYA6q3XO5P3BNJYxVZ1IV7DLVjp1Py6nwag88YntrS+3vKHyYcMqXVS4ZztJmwz2uGvz1FWhI/4LgbR5uQDA==
  optionalDependencies:
    "@napi-rs/canvas-android-arm64" "0.1.100"
    "@napi-rs/canvas-darwin-arm64" "0.1.100"
    "@napi-rs/canvas-darwin-x64" "0.1.100"
    "@napi-rs/canvas-linux-arm-gnueabihf" "0.1.100"
    "@napi-rs/canvas-linux-arm64-gnu" "0.1.100"
    "@napi-rs/canvas-linux-arm64-musl" "0.1.100"
    "@napi-rs/canvas-linux-riscv64-gnu" "0.1.100"
    "@napi-rs/canvas-linux-x64-gnu" "0.1.100"
    "@napi-rs/canvas-linux-x64-musl" "0.1.100"
    "@napi-rs/canvas-win32-arm64-msvc" "0.1.100"
    "@napi-rs/canvas-win32-x64-msvc" "0.1.100"

pdfjs-dist@5.4.149:
  version "5.4.149"
  resolved "https://registry.yarnpkg.com/pdfjs-dist/-/pdfjs-dist-5.4.149.tgz#7ff5b8427f37cd43e16377adf509af8595938afc"
  integrity sha512-Xe8/1FMJEQPUVSti25AlDpwpUm2QAVmNOpFP0SIahaPIOKBKICaefbzogLdwey3XGGoaP4Lb9wqiw2e9Jqp0LA==
  optionalDependencies:
    "@napi-rs/canvas" "^0.1.77"

ws@8.20.1:
  version "8.20.1"
  resolved "https://registry.yarnpkg.com/ws/-/ws-8.20.1.tgz#91a9ae2b312ccf98e0a85ec499b48cef45ab0ddb"
  integrity sha512-It4dO0K5v//JtTXuPkfEOaI3uUN87iYPnqo/ZzqCoG3g8uhA66QUMs/SrM0YK7/NAu+r4LMh/9dq2A7k+rHs+w==
